
Microsoft Visual Studio Solution File, Format Version 12.00
# Visual Studio Version 17
VisualStudioVersion = 17.2.32616.157
MinimumVisualStudioVersion = 10.0.40219.1
Project("{FAE04EC0-301F-11D3-BF4B-00C04F79EFBC}") = "BlazorComponentCommunicationTutorial", "BlazorComponentCommunicationTutorial\BlazorComponentCommunicationTutorial.csproj", "{09F0D84E-5540-44F1-9416-B8B66475BBA3}"
EndProject
Global
	GlobalSection(SolutionConfigurationPlatforms) = preSolution
		Debug|Any CPU = Debug|Any CPU
		Release|Any CPU = Release|Any CPU
	EndGlobalSection
	GlobalSection(ProjectConfigurationPlatforms) = postSolution
		{09F0D84E-5540-44F1-9416-B8B66475BBA3}.Debug|Any CPU.ActiveCfg = Debug|Any CPU
		{09F0D84E-5540-44F1-9416-B8B66475BBA3}.Debug|Any CPU.Build.0 = Debug|Any CPU
		{09F0D84E-5540-44F1-9416-B8B66475BBA3}.Release|Any CPU.ActiveCfg = Release|Any CPU
		{09F0D84E-5540-44F1-9416-B8B66475BBA3}.Release|Any CPU.Build.0 = Release|Any CPU
	EndGlobalSection
	GlobalSection(SolutionProperties) = preSolution
		HideSolutionNode = FALSE
	EndGlobalSection
	GlobalSection(ExtensibilityGlobals) = postSolution
		SolutionGuid = {FAD508AF-B0CC-4EE4-82F8-A6263EFC88FD}
	EndGlobalSection
EndGlobal
